// !$*UTF8*$!
{
	archiveVersion = 1;
	classes = {
	};
	objectVersion = 60;
	objects = {

/* Begin PBXBuildFile section */
		F42EABA22CCCA42200DE2C53 /* OffScreenZoneView.swift in Sources */ = {isa = PBXBuildFile; fileRef = F42EABA12CCCA42200DE2C53 /* OffScreenZoneView.swift */; };
		F496D2852CD083360052C7FC /* PrivacyInfo.xcprivacy in Resources */ = {isa = PBXBuildFile; fileRef = F496D2842CD083360052C7FC /* PrivacyInfo.xcprivacy */; };
		F4B30F0E2B51D4D50001AACB /* SwiftUIAdaptedApp.swift in Sources */ = {isa = PBXBuildFile; fileRef = F4B30F0D2B51D4D50001AACB /* SwiftUIAdaptedApp.swift */; };
		F4B30F122B51D4D80001AACB /* Assets.xcassets in Resources */ = {isa = PBXBuildFile; fileRef = F4B30F112B51D4D80001AACB /* Assets.xcassets */; };
		F4B30F152B51D4D80001AACB /* Preview Assets.xcassets in Resources */ = {isa = PBXBuildFile; fileRef = F4B30F142B51D4D80001AACB /* Preview Assets.xcassets */; };
		F4B344A52B58330300E4EA6F /* adadapted-swift-sdk in Frameworks */ = {isa = PBXBuildFile; productRef = F4B344A42B58330300E4EA6F /* adadapted-swift-sdk */; };
		F4B344A72B58785200E4EA6F /* HomeView.swift in Sources */ = {isa = PBXBuildFile; fileRef = F4B344A62B58785200E4EA6F /* HomeView.swift */; };
		F4BD16F82B57258800EB3795 /* ShoppingListView.swift in Sources */ = {isa = PBXBuildFile; fileRef = F4BD16F72B57258800EB3795 /* ShoppingListView.swift */; };
		F4BD16FA2B5729E900EB3795 /* WebViewWrapper.swift in Sources */ = {isa = PBXBuildFile; fileRef = F4BD16F92B5729E900EB3795 /* WebViewWrapper.swift */; };
/* End PBXBuildFile section */

/* Begin PBXFileReference section */
		F42EABA12CCCA42200DE2C53 /* OffScreenZoneView.swift */ = {isa = PBXFileReference; lastKnownFileType = sourcecode.swift; path = OffScreenZoneView.swift; sourceTree = "<group>"; };
		F496D2842CD083360052C7FC /* PrivacyInfo.xcprivacy */ = {isa = PBXFileReference; lastKnownFileType = text.xml; path = PrivacyInfo.xcprivacy; sourceTree = "<group>"; };
		F4B30F0A2B51D4D50001AACB /* SwiftUIAdapted.app */ = {isa = PBXFileReference; explicitFileType = wrapper.application; includeInIndex = 0; path = SwiftUIAdapted.app; sourceTree = BUILT_PRODUCTS_DIR; };
		F4B30F0D2B51D4D50001AACB /* SwiftUIAdaptedApp.swift */ = {isa = PBXFileReference; lastKnownFileType = sourcecode.swift; path = SwiftUIAdaptedApp.swift; sourceTree = "<group>"; };
		F4B30F112B51D4D80001AACB /* Assets.xcassets */ = {isa = PBXFileReference; lastKnownFileType = folder.assetcatalog; path = Assets.xcassets; sourceTree = "<group>"; };
		F4B30F142B51D4D80001AACB /* Preview Assets.xcassets */ = {isa = PBXFileReference; lastKnownFileType = folder.assetcatalog; path = "Preview Assets.xcassets"; sourceTree = "<group>"; };
		F4B344A62B58785200E4EA6F /* HomeView.swift */ = {isa = PBXFileReference; lastKnownFileType = sourcecode.swift; path = HomeView.swift; sourceTree = "<group>"; };
		F4BD16F72B57258800EB3795 /* ShoppingListView.swift */ = {isa = PBXFileReference; lastKnownFileType = sourcecode.swift; path = ShoppingListView.swift; sourceTree = "<group>"; };
		F4BD16F92B5729E900EB3795 /* WebViewWrapper.swift */ = {isa = PBXFileReference; lastKnownFileType = sourcecode.swift; path = WebViewWrapper.swift; sourceTree = "<group>"; };
/* End PBXFileReference section */

/* Begin PBXFrameworksBuildPhase section */
		F4B30F072B51D4D50001AACB /* Frameworks */ = {
			isa = PBXFrameworksBuildPhase;
			buildActionMask = 2147483647;
			files = (
				F4B344A52B58330300E4EA6F /* adadapted-swift-sdk in Frameworks */,
			);
			runOnlyForDeploymentPostprocessing = 0;
		};
/* End PBXFrameworksBuildPhase section */

/* Begin PBXGroup section */
		F4B30F012B51D4D50001AACB = {
			isa = PBXGroup;
			children = (
				F4B30F0C2B51D4D50001AACB /* SwiftUIAdapted */,
				F4B30F0B2B51D4D50001AACB /* Products */,
			);
			sourceTree = "<group>";
		};
		F4B30F0B2B51D4D50001AACB /* Products */ = {
			isa = PBXGroup;
			children = (
				F4B30F0A2B51D4D50001AACB /* SwiftUIAdapted.app */,
			);
			name = Products;
			sourceTree = "<group>";
		};
		F4B30F0C2B51D4D50001AACB /* SwiftUIAdapted */ = {
			isa = PBXGroup;
			children = (
				F4B30F0D2B51D4D50001AACB /* SwiftUIAdaptedApp.swift */,
				F4B344A62B58785200E4EA6F /* HomeView.swift */,
				F4BD16F72B57258800EB3795 /* ShoppingListView.swift */,
				F42EABA12CCCA42200DE2C53 /* OffScreenZoneView.swift */,
				F4BD16F92B5729E900EB3795 /* WebViewWrapper.swift */,
				F496D2842CD083360052C7FC /* PrivacyInfo.xcprivacy */,
				F4B30F112B51D4D80001AACB /* Assets.xcassets */,
				F4B30F132B51D4D80001AACB /* Preview Content */,
			);
			path = SwiftUIAdapted;
			sourceTree = "<group>";
		};
		F4B30F132B51D4D80001AACB /* Preview Content */ = {
			isa = PBXGroup;
			children = (
				F4B30F142B51D4D80001AACB /* Preview Assets.xcassets */,
			);
			path = "Preview Content";
			sourceTree = "<group>";
		};
/* End PBXGroup section */

/* Begin PBXNativeTarget section */
		F4B30F092B51D4D50001AACB /* SwiftUIAdapted */ = {
			isa = PBXNativeTarget;
			buildConfigurationList = F4B30F182B51D4D80001AACB /* Build configuration list for PBXNativeTarget "SwiftUIAdapted" */;
			buildPhases = (
				F4B30F062B51D4D50001AACB /* Sources */,
				F4B30F072B51D4D50001AACB /* Frameworks */,
				F4B30F082B51D4D50001AACB /* Resources */,
			);
			buildRules = (
			);
			dependencies = (
			);
			name = SwiftUIAdapted;
			packageProductDependencies = (
				F4B344A42B58330300E4EA6F /* adadapted-swift-sdk */,
			);
			productName = SwiftUIAdapted;
			productReference = F4B30F0A2B51D4D50001AACB /* SwiftUIAdapted.app */;
			productType = "com.apple.product-type.application";
		};
/* End PBXNativeTarget section */

/* Begin PBXProject section */
		F4B30F022B51D4D50001AACB /* Project object */ = {
			isa = PBXProject;
			attributes = {
				BuildIndependentTargetsInParallel = 1;
				LastSwiftUpdateCheck = 1520;
				LastUpgradeCheck = 1520;
				TargetAttributes = {
					F4B30F092B51D4D50001AACB = {
						CreatedOnToolsVersion = 15.2;
					};
				};
			};
			buildConfigurationList = F4B30F052B51D4D50001AACB /* Build configuration list for PBXProject "SwiftUIAdapted" */;
			compatibilityVersion = "Xcode 14.0";
			developmentRegion = en;
			hasScannedForEncodings = 0;
			knownRegions = (
				en,
				Base,
			);
			mainGroup = F4B30F012B51D4D50001AACB;
			packageReferences = (
				F4B344A32B58330300E4EA6F /* XCLocalSwiftPackageReference "../../adadapted-swift-sdk" */,
			);
			productRefGroup = F4B30F0B2B51D4D50001AACB /* Products */;
			projectDirPath = "";
			projectRoot = "";
			targets = (
				F4B30F092B51D4D50001AACB /* SwiftUIAdapted */,
			);
		};
/* End PBXProject section */

/* Begin PBXResourcesBuildPhase section */
		F4B30F082B51D4D50001AACB /* Resources */ = {
			isa = PBXResourcesBuildPhase;
			buildActionMask = 2147483647;
			files = (
				F4B30F152B51D4D80001AACB /* Preview Assets.xcassets in Resources */,
				F4B30F122B51D4D80001AACB /* Assets.xcassets in Resources */,
				F496D2852CD083360052C7FC /* PrivacyInfo.xcprivacy in Resources */,
			);
			runOnlyForDeploymentPostprocessing = 0;
		};
/* End PBXResourcesBuildPhase section */

/* Begin PBXSourcesBuildPhase section */
		F4B30F062B51D4D50001AACB /* Sources */ = {
			isa = PBXSourcesBuildPhase;
			buildActionMask = 2147483647;
			files = (
				F42EABA22CCCA42200DE2C53 /* OffScreenZoneView.swift in Sources */,
				F4BD16F82B57258800EB3795 /* ShoppingListView.swift in Sources */,
				F4B344A72B58785200E4EA6F /* HomeView.swift in Sources */,
				F4B30F0E2B51D4D50001AACB /* SwiftUIAdaptedApp.swift in Sources */,
				F4BD16FA2B5729E900EB3795 /* WebViewWrapper.swift in Sources */,
			);
			runOnlyForDeploymentPostprocessing = 0;
		};
/* End PBXSourcesBuildPhase section */

/* Begin XCBuildConfiguration section */
		F4B30F162B51D4D80001AACB /* Debug */ = {
			isa = XCBuildConfiguration;
			buildSettings = {
				ALWAYS_SEARCH_USER_PATHS = NO;
				ASSETCATALOG_COMPILER_GENERATE_SWIFT_ASSET_SYMBOL_EXTENSIONS = YES;
				CLANG_ANALYZER_NONNULL = YES;
				CLANG_ANALYZER_NUMBER_OBJECT_CONVERSION = YES_AGGRESSIVE;
				CLANG_CXX_LANGUAGE_STANDARD = "gnu++20";
				CLANG_ENABLE_MODULES = YES;
				CLANG_ENABLE_OBJC_ARC = YES;
				CLANG_ENABLE_OBJC_WEAK = YES;
				CLANG_WARN_BLOCK_CAPTURE_AUTORELEASING = YES;
				CLANG_WARN_BOOL_CONVERSION = YES;
				CLANG_WARN_COMMA = YES;
				CLANG_WARN_CONSTANT_CONVERSION = YES;
				CLANG_WARN_DEPRECATED_OBJC_IMPLEMENTATIONS = YES;
				CLANG_WARN_DIRECT_OBJC_ISA_USAGE = YES_ERROR;
				CLANG_WARN_DOCUMENTATION_COMMENTS = YES;
				CLANG_WARN_EMPTY_BODY = YES;
				CLANG_WARN_ENUM_CONVERSION = YES;
				CLANG_WARN_INFINITE_RECURSION = YES;
				CLANG_WARN_INT_CONVERSION = YES;
				CLANG_WARN_NON_LITERAL_NULL_CONVERSION = YES;
				CLANG_WARN_OBJC_IMPLICIT_RETAIN_SELF = YES;
				CLANG_WARN_OBJC_LITERAL_CONVERSION = YES;
				CLANG_WARN_OBJC_ROOT_CLASS = YES_ERROR;
				CLANG_WARN_QUOTED_INCLUDE_IN_FRAMEWORK_HEADER = YES;
				CLANG_WARN_RANGE_LOOP_ANALYSIS = YES;
				CLANG_WARN_STRICT_PROTOTYPES = YES;
				CLANG_WARN_SUSPICIOUS_MOVE = YES;
				CLANG_WARN_UNGUARDED_AVAILABILITY = YES_AGGRESSIVE;
				CLANG_WARN_UNREACHABLE_CODE = YES;
				CLANG_WARN__DUPLICATE_METHOD_MATCH = YES;
				COPY_PHASE_STRIP = NO;
				DEBUG_INFORMATION_FORMAT = dwarf;
				ENABLE_STRICT_OBJC_MSGSEND = YES;
				ENABLE_TESTABILITY = YES;
				ENABLE_USER_SCRIPT_SANDBOXING = YES;
				GCC_C_LANGUAGE_STANDARD = gnu17;
				GCC_DYNAMIC_NO_PIC = NO;
				GCC_NO_COMMON_BLOCKS = YES;
				GCC_OPTIMIZATION_LEVEL = 0;
				GCC_PREPROCESSOR_DEFINITIONS = (
					"DEBUG=1",
					"$(inherited)",
				);
				GCC_WARN_64_TO_32_BIT_CONVERSION = YES;
				GCC_WARN_ABOUT_RETURN_TYPE = YES_ERROR;
				GCC_WARN_UNDECLARED_SELECTOR = YES;
				GCC_WARN_UNINITIALIZED_AUTOS = YES_AGGRESSIVE;
				GCC_WARN_UNUSED_FUNCTION = YES;
				GCC_WARN_UNUSED_VARIABLE = YES;
				IPHONEOS_DEPLOYMENT_TARGET = 17.2;
				LOCALIZATION_PREFERS_STRING_CATALOGS = YES;
				MTL_ENABLE_DEBUG_INFO = INCLUDE_SOURCE;
				MTL_FAST_MATH = YES;
				ONLY_ACTIVE_ARCH = YES;
				SDKROOT = iphoneos;
				SWIFT_ACTIVE_COMPILATION_CONDITIONS = "DEBUG $(inherited)";
				SWIFT_OPTIMIZATION_LEVEL = "-Onone";
			};
			name = Debug;
		};
		F4B30F172B51D4D80001AACB /* Release */ = {
			isa = XCBuildConfiguration;
			buildSettings = {
				ALWAYS_SEARCH_USER_PATHS = NO;
				ASSETCATALOG_COMPILER_GENERATE_SWIFT_ASSET_SYMBOL_EXTENSIONS = YES;
				CLANG_ANALYZER_NONNULL = YES;
				CLANG_ANALYZER_NUMBER_OBJECT_CONVERSION = YES_AGGRESSIVE;
				CLANG_CXX_LANGUAGE_STANDARD = "gnu++20";
				CLANG_ENABLE_MODULES = YES;
				CLANG_ENABLE_OBJC_ARC = YES;
				CLANG_ENABLE_OBJC_WEAK = YES;
				CLANG_WARN_BLOCK_CAPTURE_AUTORELEASING = YES;
				CLANG_WARN_BOOL_CONVERSION = YES;
				CLANG_WARN_COMMA = YES;
				CLANG_WARN_CONSTANT_CONVERSION = YES;
				CLANG_WARN_DEPRECATED_OBJC_IMPLEMENTATIONS = YES;
				CLANG_WARN_DIRECT_OBJC_ISA_USAGE = YES_ERROR;
				CLANG_WARN_DOCUMENTATION_COMMENTS = YES;
				CLANG_WARN_EMPTY_BODY = YES;
				CLANG_WARN_ENUM_CONVERSION = YES;
				CLANG_WARN_INFINITE_RECURSION = YES;
				CLANG_WARN_INT_CONVERSION = YES;
				CLANG_WARN_NON_LITERAL_NULL_CONVERSION = YES;
				CLANG_WARN_OBJC_IMPLICIT_RETAIN_SELF = YES;
				CLANG_WARN_OBJC_LITERAL_CONVERSION = YES;
				CLANG_WARN_OBJC_ROOT_CLASS = YES_ERROR;
				CLANG_WARN_QUOTED_INCLUDE_IN_FRAMEWORK_HEADER = YES;
				CLANG_WARN_RANGE_LOOP_ANALYSIS = YES;
				CLANG_WARN_STRICT_PROTOTYPES = YES;
				CLANG_WARN_SUSPICIOUS_MOVE = YES;
				CLANG_WARN_UNGUARDED_AVAILABILITY = YES_AGGRESSIVE;
				CLANG_WARN_UNREACHABLE_CODE = YES;
				CLANG_WARN__DUPLICATE_METHOD_MATCH = YES;
				COPY_PHASE_STRIP = NO;
				DEBUG_INFORMATION_FORMAT = "dwarf-with-dsym";
				ENABLE_NS_ASSERTIONS = NO;
				ENABLE_STRICT_OBJC_MSGSEND = YES;
				ENABLE_USER_SCRIPT_SANDBOXING = YES;
				GCC_C_LANGUAGE_STANDARD = gnu17;
				GCC_NO_COMMON_BLOCKS = YES;
				GCC_WARN_64_TO_32_BIT_CONVERSION = YES;
				GCC_WARN_ABOUT_RETURN_TYPE = YES_ERROR;
				GCC_WARN_UNDECLARED_SELECTOR = YES;
				GCC_WARN_UNINITIALIZED_AUTOS = YES_AGGRESSIVE;
				GCC_WARN_UNUSED_FUNCTION = YES;
				GCC_WARN_UNUSED_VARIABLE = YES;
				IPHONEOS_DEPLOYMENT_TARGET = 17.2;
				LOCALIZATION_PREFERS_STRING_CATALOGS = YES;
				MTL_ENABLE_DEBUG_INFO = NO;
				MTL_FAST_MATH = YES;
				SDKROOT = iphoneos;
				SWIFT_COMPILATION_MODE = wholemodule;
				VALIDATE_PRODUCT = YES;
			};
			name = Release;
		};
		F4B30F192B51D4D80001AACB /* Debug */ = {
			isa = XCBuildConfiguration;
			buildSettings = {
				ASSETCATALOG_COMPILER_APPICON_NAME = AppIcon;
				ASSETCATALOG_COMPILER_GLOBAL_ACCENT_COLOR_NAME = AccentColor;
				CODE_SIGN_STYLE = Automatic;
				CURRENT_PROJECT_VERSION = 1;
				DEVELOPMENT_ASSET_PATHS = "\"SwiftUIAdapted/Preview Content\"";
				DEVELOPMENT_TEAM = 5YAPZP9T4N;
				ENABLE_PREVIEWS = YES;
				GENERATE_INFOPLIST_FILE = YES;
				INFOPLIST_KEY_UIApplicationSceneManifest_Generation = YES;
				INFOPLIST_KEY_UIApplicationSupportsIndirectInputEvents = YES;
				INFOPLIST_KEY_UILaunchScreen_Generation = YES;
				INFOPLIST_KEY_UISupportedInterfaceOrientations_iPad = "UIInterfaceOrientationPortrait UIInterfaceOrientationPortraitUpsideDown UIInterfaceOrientationLandscapeLeft UIInterfaceOrientationLandscapeRight";
				INFOPLIST_KEY_UISupportedInterfaceOrientations_iPhone = "UIInterfaceOrientationPortrait UIInterfaceOrientationLandscapeLeft UIInterfaceOrientationLandscapeRight";
				LD_RUNPATH_SEARCH_PATHS = (
					"$(inherited)",
					"@executable_path/Frameworks",
				);
				MARKETING_VERSION = 1.0;
				PRODUCT_BUNDLE_IDENTIFIER = com.adadapted.SwiftUIAdapted;
				PRODUCT_NAME = "$(TARGET_NAME)";
				SWIFT_EMIT_LOC_STRINGS = YES;
				SWIFT_VERSION = 5.0;
				TARGETED_DEVICE_FAMILY = "1,2";
			};
			name = Debug;
		};
		F4B30F1A2B51D4D80001AACB /* Release */ = {
			isa = XCBuildConfiguration;
			buildSettings = {
				ASSETCATALOG_COMPILER_APPICON_NAME = AppIcon;
				ASSETCATALOG_COMPILER_GLOBAL_ACCENT_COLOR_NAME = AccentColor;
				CODE_SIGN_STYLE = Automatic;
				CURRENT_PROJECT_VERSION = 1;
				DEVELOPMENT_ASSET_PATHS = "\"SwiftUIAdapted/Preview Content\"";
				DEVELOPMENT_TEAM = 5YAPZP9T4N;
				ENABLE_PREVIEWS = YES;
				GENERATE_INFOPLIST_FILE = YES;
				INFOPLIST_KEY_UIApplicationSceneManifest_Generation = YES;
				INFOPLIST_KEY_UIApplicationSupportsIndirectInputEvents = YES;
				INFOPLIST_KEY_UILaunchScreen_Generation = YES;
				INFOPLIST_KEY_UISupportedInterfaceOrientations_iPad = "UIInterfaceOrientationPortrait UIInterfaceOrientationPortraitUpsideDown UIInterfaceOrientationLandscapeLeft UIInterfaceOrientationLandscapeRight";
				INFOPLIST_KEY_UISupportedInterfaceOrientations_iPhone = "UIInterfaceOrientationPortrait UIInterfaceOrientationLandscapeLeft UIInterfaceOrientationLandscapeRight";
				LD_RUNPATH_SEARCH_PATHS = (
					"$(inherited)",
					"@executable_path/Frameworks",
				);
				MARKETING_VERSION = 1.0;
				PRODUCT_BUNDLE_IDENTIFIER = com.adadapted.SwiftUIAdapted;
				PRODUCT_NAME = "$(TARGET_NAME)";
				SWIFT_EMIT_LOC_STRINGS = YES;
				SWIFT_VERSION = 5.0;
				TARGETED_DEVICE_FAMILY = "1,2";
			};
			name = Release;
		};
/* End XCBuildConfiguration section */

/* Begin XCConfigurationList section */
		F4B30F052B51D4D50001AACB /* Build configuration list for PBXProject "SwiftUIAdapted" */ = {
			isa = XCConfigurationList;
			buildConfigurations = (
				F4B30F162B51D4D80001AACB /* Debug */,
				F4B30F172B51D4D80001AACB /* Release */,
			);
			defaultConfigurationIsVisible = 0;
			defaultConfigurationName = Release;
		};
		F4B30F182B51D4D80001AACB /* Build configuration list for PBXNativeTarget "SwiftUIAdapted" */ = {
			isa = XCConfigurationList;
			buildConfigurations = (
				F4B30F192B51D4D80001AACB /* Debug */,
				F4B30F1A2B51D4D80001AACB /* Release */,
			);
			defaultConfigurationIsVisible = 0;
			defaultConfigurationName = Release;
		};
/* End XCConfigurationList section */

/* Begin XCLocalSwiftPackageReference section */
		F4B344A32B58330300E4EA6F /* XCLocalSwiftPackageReference "../../adadapted-swift-sdk" */ = {
			isa = XCLocalSwiftPackageReference;
			relativePath = "../../adadapted-swift-sdk";
		};
/* End XCLocalSwiftPackageReference section */

/* Begin XCSwiftPackageProductDependency section */
		F4B344A42B58330300E4EA6F /* adadapted-swift-sdk */ = {
			isa = XCSwiftPackageProductDependency;
			productName = "adadapted-swift-sdk";
		};
/* End XCSwiftPackageProductDependency section */
	};
	rootObject = F4B30F022B51D4D50001AACB /* Project object */;
}
